// !$*UTF8*$!
{
	archiveVersion = 1;
	classes = {
	};
	objectVersion = 56;
	objects = {

/* Begin PBXBuildFile section */
		3C5E4FE52CCCDFC100668FBD /* AppDelegate.swift in Sources */ = {isa = PBXBuildFile; fileRef = 3C5E4FE42CCCDFC100668FBD /* AppDelegate.swift */; };
		3C5E4FE72CCCDFC200668FBD /* GameScene.sks in Resources */ = {isa = PBXBuildFile; fileRef = 3C5E4FE62CCCDFC200668FBD /* GameScene.sks */; };
		3C5E4FE92CCCDFC200668FBD /* Actions.sks in Resources */ = {isa = PBXBuildFile; fileRef = 3C5E4FE82CCCDFC200668FBD /* Actions.sks */; };
		3C5E4FEB2CCCDFC200668FBD /* GameScene.swift in Sources */ = {isa = PBXBuildFile; fileRef = 3C5E4FEA2CCCDFC200668FBD /* GameScene.swift */; };
		3C5E4FED2CCCDFC200668FBD /* GameViewController.swift in Sources */ = {isa = PBXBuildFile; fileRef = 3C5E4FEC2CCCDFC200668FBD /* GameViewController.swift */; };
		3C5E4FF02CCCDFC200668FBD /* Main.storyboard in Resources */ = {isa = PBXBuildFile; fileRef = 3C5E4FEE2CCCDFC200668FBD /* Main.storyboard */; };
		3C5E4FF22CCCDFC500668FBD /* Assets.xcassets in Resources */ = {isa = PBXBuildFile; fileRef = 3C5E4FF12CCCDFC500668FBD /* Assets.xcassets */; };
		3C5E4FF52CCCDFC500668FBD /* LaunchScreen.storyboard in Resources */ = {isa = PBXBuildFile; fileRef = 3C5E4FF32CCCDFC500668FBD /* LaunchScreen.storyboard */; };
		3C5E4FFC2CCCE1AF00668FBD /* MainMenuScene.swift in Sources */ = {isa = PBXBuildFile; fileRef = 3C5E4FFB2CCCE1AF00668FBD /* MainMenuScene.swift */; };
		3C5E50002CCD04F400668FBD /* SudokuScene.swift in Sources */ = {isa = PBXBuildFile; fileRef = 3C5E4FFF2CCD04F400668FBD /* SudokuScene.swift */; };
		3C5E50022CD61D1500668FBD /* SudokuBoard.swift in Sources */ = {isa = PBXBuildFile; fileRef = 3C5E50012CD61D1500668FBD /* SudokuBoard.swift */; };
/* End PBXBuildFile section */

/* Begin PBXFileReference section */
		3C5E4FE12CCCDFC100668FBD /* MayaSudoko.app */ = {isa = PBXFileReference; explicitFileType = wrapper.application; includeInIndex = 0; path = MayaSudoko.app; sourceTree = BUILT_PRODUCTS_DIR; };
		3C5E4FE42CCCDFC100668FBD /* AppDelegate.swift */ = {isa = PBXFileReference; lastKnownFileType = sourcecode.swift; path = AppDelegate.swift; sourceTree = "<group>"; };
		3C5E4FE62CCCDFC200668FBD /* GameScene.sks */ = {isa = PBXFileReference; lastKnownFileType = file.sks; path = GameScene.sks; sourceTree = "<group>"; };
		3C5E4FE82CCCDFC200668FBD /* Actions.sks */ = {isa = PBXFileReference; lastKnownFileType = file.sks; path = Actions.sks; sourceTree = "<group>"; };
		3C5E4FEA2CCCDFC200668FBD /* GameScene.swift */ = {isa = PBXFileReference; lastKnownFileType = sourcecode.swift; path = GameScene.swift; sourceTree = "<group>"; };
		3C5E4FEC2CCCDFC200668FBD /* GameViewController.swift */ = {isa = PBXFileReference; lastKnownFileType = sourcecode.swift; path = GameViewController.swift; sourceTree = "<group>"; };
		3C5E4FEF2CCCDFC200668FBD /* Base */ = {isa = PBXFileReference; lastKnownFileType = file.storyboard; name = Base; path = Base.lproj/Main.storyboard; sourceTree = "<group>"; };
		3C5E4FF12CCCDFC500668FBD /* Assets.xcassets */ = {isa = PBXFileReference; lastKnownFileType = folder.assetcatalog; path = Assets.xcassets; sourceTree = "<group>"; };
		3C5E4FF42CCCDFC500668FBD /* Base */ = {isa = PBXFileReference; lastKnownFileType = file.storyboard; name = Base; path = Base.lproj/LaunchScreen.storyboard; sourceTree = "<group>"; };
		3C5E4FFB2CCCE1AF00668FBD /* MainMenuScene.swift */ = {isa = PBXFileReference; lastKnownFileType = sourcecode.swift; path = MainMenuScene.swift; sourceTree = "<group>"; };
		3C5E4FFF2CCD04F400668FBD /* SudokuScene.swift */ = {isa = PBXFileReference; lastKnownFileType = sourcecode.swift; path = SudokuScene.swift; sourceTree = "<group>"; };
		3C5E50012CD61D1500668FBD /* SudokuBoard.swift */ = {isa = PBXFileReference; lastKnownFileType = sourcecode.swift; path = SudokuBoard.swift; sourceTree = "<group>"; };
/* End PBXFileReference section */

/* Begin PBXFrameworksBuildPhase section */
		3C5E4FDE2CCCDFC100668FBD /* Frameworks */ = {
			isa = PBXFrameworksBuildPhase;
			buildActionMask = 2147483647;
			files = (
			);
			runOnlyForDeploymentPostprocessing = 0;
		};
/* End PBXFrameworksBuildPhase section */

/* Begin PBXGroup section */
		3C5E4FD82CCCDFC100668FBD = {
			isa = PBXGroup;
			children = (
				3C5E4FE32CCCDFC100668FBD /* MayaSudoku */,
				3C5E4FE22CCCDFC100668FBD /* Products */,
			);
			sourceTree = "<group>";
		};
		3C5E4FE22CCCDFC100668FBD /* Products */ = {
			isa = PBXGroup;
			children = (
				3C5E4FE12CCCDFC100668FBD /* MayaSudoko.app */,
			);
			name = Products;
			sourceTree = "<group>";
		};
		3C5E4FE32CCCDFC100668FBD /* MayaSudoku */ = {
			isa = PBXGroup;
			children = (
				3C5E4FE42CCCDFC100668FBD /* AppDelegate.swift */,
				3C5E4FE62CCCDFC200668FBD /* GameScene.sks */,
				3C5E4FE82CCCDFC200668FBD /* Actions.sks */,
				3C5E4FEA2CCCDFC200668FBD /* GameScene.swift */,
				3C5E4FEC2CCCDFC200668FBD /* GameViewController.swift */,
				3C5E4FEE2CCCDFC200668FBD /* Main.storyboard */,
				3C5E4FF12CCCDFC500668FBD /* Assets.xcassets */,
				3C5E4FF32CCCDFC500668FBD /* LaunchScreen.storyboard */,
				3C5E4FFB2CCCE1AF00668FBD /* MainMenuScene.swift */,
				3C5E4FFF2CCD04F400668FBD /* SudokuScene.swift */,
				3C5E50012CD61D1500668FBD /* SudokuBoard.swift */,
			);
			path = MayaSudoku;
			sourceTree = "<group>";
		};
/* End PBXGroup section */

/* Begin PBXNativeTarget section */
		3C5E4FE02CCCDFC100668FBD /* MayaSudoko */ = {
			isa = PBXNativeTarget;
			buildConfigurationList = 3C5E4FF82CCCDFC500668FBD /* Build configuration list for PBXNativeTarget "MayaSudoko" */;
			buildPhases = (
				3C5E4FDD2CCCDFC100668FBD /* Sources */,
				3C5E4FDE2CCCDFC100668FBD /* Frameworks */,
				3C5E4FDF2CCCDFC100668FBD /* Resources */,
			);
			buildRules = (
			);
			dependencies = (
			);
			name = MayaSudoko;
			productName = MayaSudoko;
			productReference = 3C5E4FE12CCCDFC100668FBD /* MayaSudoko.app */;
			productType = "com.apple.product-type.application";
		};
/* End PBXNativeTarget section */

/* Begin PBXProject section */
		3C5E4FD92CCCDFC100668FBD /* Project object */ = {
			isa = PBXProject;
			attributes = {
				BuildIndependentTargetsInParallel = 1;
				LastSwiftUpdateCheck = 1520;
				LastUpgradeCheck = 1520;
				TargetAttributes = {
					3C5E4FE02CCCDFC100668FBD = {
						CreatedOnToolsVersion = 15.2;
					};
				};
			};
			buildConfigurationList = 3C5E4FDC2CCCDFC100668FBD /* Build configuration list for PBXProject "MayaSudoko" */;
			compatibilityVersion = "Xcode 14.0";
			developmentRegion = en;
			hasScannedForEncodings = 0;
			knownRegions = (
				en,
				Base,
			);
			mainGroup = 3C5E4FD82CCCDFC100668FBD;
			productRefGroup = 3C5E4FE22CCCDFC100668FBD /* Products */;
			projectDirPath = "";
			projectRoot = "";
			targets = (
				3C5E4FE02CCCDFC100668FBD /* MayaSudoko */,
			);
		};
/* End PBXProject section */

/* Begin PBXResourcesBuildPhase section */
		3C5E4FDF2CCCDFC100668FBD /* Resources */ = {
			isa = PBXResourcesBuildPhase;
			buildActionMask = 2147483647;
			files = (
				3C5E4FF02CCCDFC200668FBD /* Main.storyboard in Resources */,
				3C5E4FE72CCCDFC200668FBD /* GameScene.sks in Resources */,
				3C5E4FF22CCCDFC500668FBD /* Assets.xcassets in Resources */,
				3C5E4FF52CCCDFC500668FBD /* LaunchScreen.storyboard in Resources */,
				3C5E4FE92CCCDFC200668FBD /* Actions.sks in Resources */,
			);
			runOnlyForDeploymentPostprocessing = 0;
		};
/* End PBXResourcesBuildPhase section */

/* Begin PBXSourcesBuildPhase section */
		3C5E4FDD2CCCDFC100668FBD /* Sources */ = {
			isa = PBXSourcesBuildPhase;
			buildActionMask = 2147483647;
			files = (
				3C5E4FEB2CCCDFC200668FBD /* GameScene.swift in Sources */,
				3C5E4FED2CCCDFC200668FBD /* GameViewController.swift in Sources */,
				3C5E50022CD61D1500668FBD /* SudokuBoard.swift in Sources */,
				3C5E4FE52CCCDFC100668FBD /* AppDelegate.swift in Sources */,
				3C5E50002CCD04F400668FBD /* SudokuScene.swift in Sources */,
				3C5E4FFC2CCCE1AF00668FBD /* MainMenuScene.swift in Sources */,
			);
			runOnlyForDeploymentPostprocessing = 0;
		};
/* End PBXSourcesBuildPhase section */

/* Begin PBXVariantGroup section */
		3C5E4FEE2CCCDFC200668FBD /* Main.storyboard */ = {
			isa = PBXVariantGroup;
			children = (
				3C5E4FEF2CCCDFC200668FBD /* Base */,
			);
			name = Main.storyboard;
			sourceTree = "<group>";
		};
		3C5E4FF32CCCDFC500668FBD /* LaunchScreen.storyboard */ = {
			isa = PBXVariantGroup;
			children = (
				3C5E4FF42CCCDFC500668FBD /* Base */,
			);
			name = LaunchScreen.storyboard;
			sourceTree = "<group>";
		};
/* End PBXVariantGroup section */

/* Begin XCBuildConfiguration section */
		3C5E4FF62CCCDFC500668FBD /* Debug */ = {
			isa = XCBuildConfiguration;
			buildSettings = {
				ALWAYS_SEARCH_USER_PATHS = NO;
				ASSETCATALOG_COMPILER_GENERATE_SWIFT_ASSET_SYMBOL_EXTENSIONS = YES;
				CLANG_ANALYZER_NONNULL = YES;
				CLANG_ANALYZER_NUMBER_OBJECT_CONVERSION = YES_AGGRESSIVE;
				CLANG_CXX_LANGUAGE_STANDARD = "gnu++20";
				CLANG_ENABLE_MODULES = YES;
				CLANG_ENABLE_OBJC_ARC = YES;
				CLANG_ENABLE_OBJC_WEAK = YES;
				CLANG_WARN_BLOCK_CAPTURE_AUTORELEASING = YES;
				CLANG_WARN_BOOL_CONVERSION = YES;
				CLANG_WARN_COMMA = YES;
				CLANG_WARN_CONSTANT_CONVERSION = YES;
				CLANG_WARN_DEPRECATED_OBJC_IMPLEMENTATIONS = YES;
				CLANG_WARN_DIRECT_OBJC_ISA_USAGE = YES_ERROR;
				CLANG_WARN_DOCUMENTATION_COMMENTS = YES;
				CLANG_WARN_EMPTY_BODY = YES;
				CLANG_WARN_ENUM_CONVERSION = YES;
				CLANG_WARN_INFINITE_RECURSION = YES;
				CLANG_WARN_INT_CONVERSION = YES;
				CLANG_WARN_NON_LITERAL_NULL_CONVERSION = YES;
				CLANG_WARN_OBJC_IMPLICIT_RETAIN_SELF = YES;
				CLANG_WARN_OBJC_LITERAL_CONVERSION = YES;
				CLANG_WARN_OBJC_ROOT_CLASS = YES_ERROR;
				CLANG_WARN_QUOTED_INCLUDE_IN_FRAMEWORK_HEADER = YES;
				CLANG_WARN_RANGE_LOOP_ANALYSIS = YES;
				CLANG_WARN_STRICT_PROTOTYPES = YES;
				CLANG_WARN_SUSPICIOUS_MOVE = YES;
				CLANG_WARN_UNGUARDED_AVAILABILITY = YES_AGGRESSIVE;
				CLANG_WARN_UNREACHABLE_CODE = YES;
				CLANG_WARN__DUPLICATE_METHOD_MATCH = YES;
				COPY_PHASE_STRIP = NO;
				DEBUG_INFORMATION_FORMAT = dwarf;
				ENABLE_STRICT_OBJC_MSGSEND = YES;
				ENABLE_TESTABILITY = YES;
				ENABLE_USER_SCRIPT_SANDBOXING = YES;
				GCC_C_LANGUAGE_STANDARD = gnu17;
				GCC_DYNAMIC_NO_PIC = NO;
				GCC_NO_COMMON_BLOCKS = YES;
				GCC_OPTIMIZATION_LEVEL = 0;
				GCC_PREPROCESSOR_DEFINITIONS = (
					"DEBUG=1",
					"$(inherited)",
				);
				GCC_WARN_64_TO_32_BIT_CONVERSION = YES;
				GCC_WARN_ABOUT_RETURN_TYPE = YES_ERROR;
				GCC_WARN_UNDECLARED_SELECTOR = YES;
				GCC_WARN_UNINITIALIZED_AUTOS = YES_AGGRESSIVE;
				GCC_WARN_UNUSED_FUNCTION = YES;
				GCC_WARN_UNUSED_VARIABLE = YES;
				IPHONEOS_DEPLOYMENT_TARGET = 17.2;
				LOCALIZATION_PREFERS_STRING_CATALOGS = YES;
				MTL_ENABLE_DEBUG_INFO = INCLUDE_SOURCE;
				MTL_FAST_MATH = YES;
				ONLY_ACTIVE_ARCH = YES;
				SDKROOT = iphoneos;
				SWIFT_ACTIVE_COMPILATION_CONDITIONS = "DEBUG $(inherited)";
				SWIFT_OPTIMIZATION_LEVEL = "-Onone";
			};
			name = Debug;
		};
		3C5E4FF72CCCDFC500668FBD /* Release */ = {
			isa = XCBuildConfiguration;
			buildSettings = {
				ALWAYS_SEARCH_USER_PATHS = NO;
				ASSETCATALOG_COMPILER_GENERATE_SWIFT_ASSET_SYMBOL_EXTENSIONS = YES;
				CLANG_ANALYZER_NONNULL = YES;
				CLANG_ANALYZER_NUMBER_OBJECT_CONVERSION = YES_AGGRESSIVE;
				CLANG_CXX_LANGUAGE_STANDARD = "gnu++20";
				CLANG_ENABLE_MODULES = YES;
				CLANG_ENABLE_OBJC_ARC = YES;
				CLANG_ENABLE_OBJC_WEAK = YES;
				CLANG_WARN_BLOCK_CAPTURE_AUTORELEASING = YES;
				CLANG_WARN_BOOL_CONVERSION = YES;
				CLANG_WARN_COMMA = YES;
				CLANG_WARN_CONSTANT_CONVERSION = YES;
				CLANG_WARN_DEPRECATED_OBJC_IMPLEMENTATIONS = YES;
				CLANG_WARN_DIRECT_OBJC_ISA_USAGE = YES_ERROR;
				CLANG_WARN_DOCUMENTATION_COMMENTS = YES;
				CLANG_WARN_EMPTY_BODY = YES;
				CLANG_WARN_ENUM_CONVERSION = YES;
				CLANG_WARN_INFINITE_RECURSION = YES;
				CLANG_WARN_INT_CONVERSION = YES;
				CLANG_WARN_NON_LITERAL_NULL_CONVERSION = YES;
				CLANG_WARN_OBJC_IMPLICIT_RETAIN_SELF = YES;
				CLANG_WARN_OBJC_LITERAL_CONVERSION = YES;
				CLANG_WARN_OBJC_ROOT_CLASS = YES_ERROR;
				CLANG_WARN_QUOTED_INCLUDE_IN_FRAMEWORK_HEADER = YES;
				CLANG_WARN_RANGE_LOOP_ANALYSIS = YES;
				CLANG_WARN_STRICT_PROTOTYPES = YES;
				CLANG_WARN_SUSPICIOUS_MOVE = YES;
				CLANG_WARN_UNGUARDED_AVAILABILITY = YES_AGGRESSIVE;
				CLANG_WARN_UNREACHABLE_CODE = YES;
				CLANG_WARN__DUPLICATE_METHOD_MATCH = YES;
				COPY_PHASE_STRIP = NO;
				DEBUG_INFORMATION_FORMAT = "dwarf-with-dsym";
				ENABLE_NS_ASSERTIONS = NO;
				ENABLE_STRICT_OBJC_MSGSEND = YES;
				ENABLE_USER_SCRIPT_SANDBOXING = YES;
				GCC_C_LANGUAGE_STANDARD = gnu17;
				GCC_NO_COMMON_BLOCKS = YES;
				GCC_WARN_64_TO_32_BIT_CONVERSION = YES;
				GCC_WARN_ABOUT_RETURN_TYPE = YES_ERROR;
				GCC_WARN_UNDECLARED_SELECTOR = YES;
				GCC_WARN_UNINITIALIZED_AUTOS = YES_AGGRESSIVE;
				GCC_WARN_UNUSED_FUNCTION = YES;
				GCC_WARN_UNUSED_VARIABLE = YES;
				IPHONEOS_DEPLOYMENT_TARGET = 17.2;
				LOCALIZATION_PREFERS_STRING_CATALOGS = YES;
				MTL_ENABLE_DEBUG_INFO = NO;
				MTL_FAST_MATH = YES;
				SDKROOT = iphoneos;
				SWIFT_COMPILATION_MODE = wholemodule;
				VALIDATE_PRODUCT = YES;
			};
			name = Release;
		};
		3C5E4FF92CCCDFC500668FBD /* Debug */ = {
			isa = XCBuildConfiguration;
			buildSettings = {
				ASSETCATALOG_COMPILER_APPICON_NAME = AppIcon;
				ASSETCATALOG_COMPILER_GLOBAL_ACCENT_COLOR_NAME = AccentColor;
				CODE_SIGN_STYLE = Automatic;
				CURRENT_PROJECT_VERSION = 1;
				GENERATE_INFOPLIST_FILE = YES;
				INFOPLIST_KEY_UIApplicationSupportsIndirectInputEvents = YES;
				INFOPLIST_KEY_UILaunchStoryboardName = LaunchScreen;
				INFOPLIST_KEY_UIMainStoryboardFile = Main;
				INFOPLIST_KEY_UIStatusBarHidden = YES;
				INFOPLIST_KEY_UISupportedInterfaceOrientations_iPad = "UIInterfaceOrientationPortrait UIInterfaceOrientationPortraitUpsideDown UIInterfaceOrientationLandscapeLeft UIInterfaceOrientationLandscapeRight";
				INFOPLIST_KEY_UISupportedInterfaceOrientations_iPhone = "UIInterfaceOrientationPortrait UIInterfaceOrientationLandscapeLeft UIInterfaceOrientationLandscapeRight";
				LD_RUNPATH_SEARCH_PATHS = (
					"$(inherited)",
					"@executable_path/Frameworks",
				);
				MARKETING_VERSION = 1.0;
				PRODUCT_BUNDLE_IDENTIFIER = maya.fishman.MayaSudoko;
				PRODUCT_NAME = "$(TARGET_NAME)";
				SWIFT_EMIT_LOC_STRINGS = YES;
				SWIFT_VERSION = 5.0;
				TARGETED_DEVICE_FAMILY = "1,2";
			};
			name = Debug;
		};
		3C5E4FFA2CCCDFC500668FBD /* Release */ = {
			isa = XCBuildConfiguration;
			buildSettings = {
				ASSETCATALOG_COMPILER_APPICON_NAME = AppIcon;
				ASSETCATALOG_COMPILER_GLOBAL_ACCENT_COLOR_NAME = AccentColor;
				CODE_SIGN_STYLE = Automatic;
				CURRENT_PROJECT_VERSION = 1;
				GENERATE_INFOPLIST_FILE = YES;
				INFOPLIST_KEY_UIApplicationSupportsIndirectInputEvents = YES;
				INFOPLIST_KEY_UILaunchStoryboardName = LaunchScreen;
				INFOPLIST_KEY_UIMainStoryboardFile = Main;
				INFOPLIST_KEY_UIStatusBarHidden = YES;
				INFOPLIST_KEY_UISupportedInterfaceOrientations_iPad = "UIInterfaceOrientationPortrait UIInterfaceOrientationPortraitUpsideDown UIInterfaceOrientationLandscapeLeft UIInterfaceOrientationLandscapeRight";
				INFOPLIST_KEY_UISupportedInterfaceOrientations_iPhone = "UIInterfaceOrientationPortrait UIInterfaceOrientationLandscapeLeft UIInterfaceOrientationLandscapeRight";
				LD_RUNPATH_SEARCH_PATHS = (
					"$(inherited)",
					"@executable_path/Frameworks",
				);
				MARKETING_VERSION = 1.0;
				PRODUCT_BUNDLE_IDENTIFIER = maya.fishman.MayaSudoko;
				PRODUCT_NAME = "$(TARGET_NAME)";
				SWIFT_EMIT_LOC_STRINGS = YES;
				SWIFT_VERSION = 5.0;
				TARGETED_DEVICE_FAMILY = "1,2";
			};
			name = Release;
		};
/* End XCBuildConfiguration section */

/* Begin XCConfigurationList section */
		3C5E4FDC2CCCDFC100668FBD /* Build configuration list for PBXProject "MayaSudoko" */ = {
			isa = XCConfigurationList;
			buildConfigurations = (
				3C5E4FF62CCCDFC500668FBD /* Debug */,
				3C5E4FF72CCCDFC500668FBD /* Release */,
			);
			defaultConfigurationIsVisible = 0;
			defaultConfigurationName = Release;
		};
		3C5E4FF82CCCDFC500668FBD /* Build configuration list for PBXNativeTarget "MayaSudoko" */ = {
			isa = XCConfigurationList;
			buildConfigurations = (
				3C5E4FF92CCCDFC500668FBD /* Debug */,
				3C5E4FFA2CCCDFC500668FBD /* Release */,
			);
			defaultConfigurationIsVisible = 0;
			defaultConfigurationName = Release;
		};
/* End XCConfigurationList section */
	};
	rootObject = 3C5E4FD92CCCDFC100668FBD /* Project object */;
}
